
Microsoft Visual Studio Solution File, Format Version 12.00
# Visual Studio Version 17
VisualStudioVersion = 17.11.35222.181
MinimumVisualStudioVersion = 10.0.40219.1
Project("{FAE04EC0-301F-11D3-BF4B-00C04F79EFBC}") = "Learning_C#", "Learning_C#\Learning_C#.csproj", "{11EA3850-342A-4D72-B8B7-3227BA75EB93}"
EndProject
Global
	GlobalSection(SolutionConfigurationPlatforms) = preSolution
		Debug|Any CPU = Debug|Any CPU
		Release|Any CPU = Release|Any CPU
	EndGlobalSection
	GlobalSection(ProjectConfigurationPlatforms) = postSolution
		{11EA3850-342A-4D72-B8B7-3227BA75EB93}.Debug|Any CPU.ActiveCfg = Debug|Any CPU
		{11EA3850-342A-4D72-B8B7-3227BA75EB93}.Debug|Any CPU.Build.0 = Debug|Any CPU
		{11EA3850-342A-4D72-B8B7-3227BA75EB93}.Release|Any CPU.ActiveCfg = Release|Any CPU
		{11EA3850-342A-4D72-B8B7-3227BA75EB93}.Release|Any CPU.Build.0 = Release|Any CPU
	EndGlobalSection
	GlobalSection(SolutionProperties) = preSolution
		HideSolutionNode = FALSE
	EndGlobalSection
	GlobalSection(ExtensibilityGlobals) = postSolution
		SolutionGuid = {2CCCEBCC-4004-4252-AABE-9F2474E01A0D}
	EndGlobalSection
EndGlobal
